// !$*UTF8*$!
{
	archiveVersion = 1;
	classes = {
	};
	objectVersion = 46;
	objects = {

/* Begin PBXBuildFile section */
		B4532B421C4C61760068C268 /* main.m in Sources */ = {isa = PBXBuildFile; fileRef = B4532B411C4C61760068C268 /* main.m */; };
		B4532B451C4C61760068C268 /* AppDelegate.m in Sources */ = {isa = PBXBuildFile; fileRef = B4532B441C4C61760068C268 /* AppDelegate.m */; };
		B4532B481C4C61760068C268 /* ViewController.m in Sources */ = {isa = PBXBuildFile; fileRef = B4532B471C4C61760068C268 /* ViewController.m */; };
		B4532B4B1C4C61760068C268 /* Main.storyboard in Resources */ = {isa = PBXBuildFile; fileRef = B4532B491C4C61760068C268 /* Main.storyboard */; };
		B4532B4E1C4C61760068C268 /* FourPaneDemo.xcdatamodeld in Sources */ = {isa = PBXBuildFile; fileRef = B4532B4C1C4C61760068C268 /* FourPaneDemo.xcdatamodeld */; };
		B4532B501C4C61760068C268 /* Assets.xcassets in Resources */ = {isa = PBXBuildFile; fileRef = B4532B4F1C4C61760068C268 /* Assets.xcassets */; };
		B4532B531C4C61760068C268 /* LaunchScreen.storyboard in Resources */ = {isa = PBXBuildFile; fileRef = B4532B511C4C61760068C268 /* LaunchScreen.storyboard */; };
		B4532B5B1C4C619F0068C268 /* MapKit.framework in Frameworks */ = {isa = PBXBuildFile; fileRef = B4532B5A1C4C619F0068C268 /* MapKit.framework */; };
/* End PBXBuildFile section */

/* Begin PBXFileReference section */
		B4532B3D1C4C61760068C268 /* FourPaneDemo.app */ = {isa = PBXFileReference; explicitFileType = wrapper.application; includeInIndex = 0; path = FourPaneDemo.app; sourceTree = BUILT_PRODUCTS_DIR; };
		B4532B411C4C61760068C268 /* main.m */ = {isa = PBXFileReference; lastKnownFileType = sourcecode.c.objc; path = main.m; sourceTree = "<group>"; };
		B4532B431C4C61760068C268 /* AppDelegate.h */ = {isa = PBXFileReference; lastKnownFileType = sourcecode.c.h; path = AppDelegate.h; sourceTree = "<group>"; };
		B4532B441C4C61760068C268 /* AppDelegate.m */ = {isa = PBXFileReference; lastKnownFileType = sourcecode.c.objc; path = AppDelegate.m; sourceTree = "<group>"; };
		B4532B461C4C61760068C268 /* ViewController.h */ = {isa = PBXFileReference; lastKnownFileType = sourcecode.c.h; path = ViewController.h; sourceTree = "<group>"; };
		B4532B471C4C61760068C268 /* ViewController.m */ = {isa = PBXFileReference; lastKnownFileType = sourcecode.c.objc; path = ViewController.m; sourceTree = "<group>"; };
		B4532B4A1C4C61760068C268 /* Base */ = {isa = PBXFileReference; lastKnownFileType = file.storyboard; name = Base; path = Base.lproj/Main.storyboard; sourceTree = "<group>"; };
		B4532B4D1C4C61760068C268 /* FourPaneDemo.xcdatamodel */ = {isa = PBXFileReference; lastKnownFileType = wrapper.xcdatamodel; path = FourPaneDemo.xcdatamodel; sourceTree = "<group>"; };
		B4532B4F1C4C61760068C268 /* Assets.xcassets */ = {isa = PBXFileReference; lastKnownFileType = folder.assetcatalog; path = Assets.xcassets; sourceTree = "<group>"; };
		B4532B521C4C61760068C268 /* Base */ = {isa = PBXFileReference; lastKnownFileType = file.storyboard; name = Base; path = Base.lproj/LaunchScreen.storyboard; sourceTree = "<group>"; };
		B4532B541C4C61760068C268 /* Info.plist */ = {isa = PBXFileReference; lastKnownFileType = text.plist.xml; path = Info.plist; sourceTree = "<group>"; };
		B4532B5A1C4C619F0068C268 /* MapKit.framework */ = {isa = PBXFileReference; lastKnownFileType = wrapper.framework; name = MapKit.framework; path = System/Library/Frameworks/MapKit.framework; sourceTree = SDKROOT; };
/* End PBXFileReference section */

/* Begin PBXFrameworksBuildPhase section */
		B4532B3A1C4C61760068C268 /* Frameworks */ = {
			isa = PBXFrameworksBuildPhase;
			buildActionMask = 2147483647;
			files = (
				B4532B5B1C4C619F0068C268 /* MapKit.framework in Frameworks */,
			);
			runOnlyForDeploymentPostprocessing = 0;
		};
/* End PBXFrameworksBuildPhase section */

/* Begin PBXGroup section */
		B4532B341C4C61760068C268 = {
			isa = PBXGroup;
			children = (
				B4532B5A1C4C619F0068C268 /* MapKit.framework */,
				B4532B3F1C4C61760068C268 /* FourPaneDemo */,
				B4532B3E1C4C61760068C268 /* Products */,
			);
			sourceTree = "<group>";
		};
		B4532B3E1C4C61760068C268 /* Products */ = {
			isa = PBXGroup;
			children = (
				B4532B3D1C4C61760068C268 /* FourPaneDemo.app */,
			);
			name = Products;
			sourceTree = "<group>";
		};
		B4532B3F1C4C61760068C268 /* FourPaneDemo */ = {
			isa = PBXGroup;
			children = (
				B4532B431C4C61760068C268 /* AppDelegate.h */,
				B4532B441C4C61760068C268 /* AppDelegate.m */,
				B4532B461C4C61760068C268 /* ViewController.h */,
				B4532B471C4C61760068C268 /* ViewController.m */,
				B4532B491C4C61760068C268 /* Main.storyboard */,
				B4532B4F1C4C61760068C268 /* Assets.xcassets */,
				B4532B511C4C61760068C268 /* LaunchScreen.storyboard */,
				B4532B541C4C61760068C268 /* Info.plist */,
				B4532B4C1C4C61760068C268 /* FourPaneDemo.xcdatamodeld */,
				B4532B401C4C61760068C268 /* Supporting Files */,
			);
			path = FourPaneDemo;
			sourceTree = "<group>";
		};
		B4532B401C4C61760068C268 /* Supporting Files */ = {
			isa = PBXGroup;
			children = (
				B4532B411C4C61760068C268 /* main.m */,
			);
			name = "Supporting Files";
			sourceTree = "<group>";
		};
/* End PBXGroup section */

/* Begin PBXNativeTarget section */
		B4532B3C1C4C61760068C268 /* FourPaneDemo */ = {
			isa = PBXNativeTarget;
			buildConfigurationList = B4532B571C4C61760068C268 /* Build configuration list for PBXNativeTarget "FourPaneDemo" */;
			buildPhases = (
				B4532B391C4C61760068C268 /* Sources */,
				B4532B3A1C4C61760068C268 /* Frameworks */,
				B4532B3B1C4C61760068C268 /* Resources */,
			);
			buildRules = (
			);
			dependencies = (
			);
			name = FourPaneDemo;
			productName = FourPaneDemo;
			productReference = B4532B3D1C4C61760068C268 /* FourPaneDemo.app */;
			productType = "com.apple.product-type.application";
		};
/* End PBXNativeTarget section */

/* Begin PBXProject section */
		B4532B351C4C61760068C268 /* Project object */ = {
			isa = PBXProject;
			attributes = {
				LastUpgradeCheck = 0710;
				ORGANIZATIONNAME = "Ricardo Maduro";
				TargetAttributes = {
					B4532B3C1C4C61760068C268 = {
						CreatedOnToolsVersion = 7.1.1;
					};
				};
			};
			buildConfigurationList = B4532B381C4C61760068C268 /* Build configuration list for PBXProject "FourPaneDemo" */;
			compatibilityVersion = "Xcode 3.2";
			developmentRegion = English;
			hasScannedForEncodings = 0;
			knownRegions = (
				en,
				Base,
			);
			mainGroup = B4532B341C4C61760068C268;
			productRefGroup = B4532B3E1C4C61760068C268 /* Products */;
			projectDirPath = "";
			projectRoot = "";
			targets = (
				B4532B3C1C4C61760068C268 /* FourPaneDemo */,
			);
		};
/* End PBXProject section */

/* Begin PBXResourcesBuildPhase section */
		B4532B3B1C4C61760068C268 /* Resources */ = {
			isa = PBXResourcesBuildPhase;
			buildActionMask = 2147483647;
			files = (
				B4532B531C4C61760068C268 /* LaunchScreen.storyboard in Resources */,
				B4532B501C4C61760068C268 /* Assets.xcassets in Resources */,
				B4532B4B1C4C61760068C268 /* Main.storyboard in Resources */,
			);
			runOnlyForDeploymentPostprocessing = 0;
		};
/* End PBXResourcesBuildPhase section */

/* Begin PBXSourcesBuildPhase section */
		B4532B391C4C61760068C268 /* Sources */ = {
			isa = PBXSourcesBuildPhase;
			buildActionMask = 2147483647;
			files = (
				B4532B481C4C61760068C268 /* ViewController.m in Sources */,
				B4532B451C4C61760068C268 /* AppDelegate.m in Sources */,
				B4532B4E1C4C61760068C268 /* FourPaneDemo.xcdatamodeld in Sources */,
				B4532B421C4C61760068C268 /* main.m in Sources */,
			);
			runOnlyForDeploymentPostprocessing = 0;
		};
/* End PBXSourcesBuildPhase section */

/* Begin PBXVariantGroup section */
		B4532B491C4C61760068C268 /* Main.storyboard */ = {
			isa = PBXVariantGroup;
			children = (
				B4532B4A1C4C61760068C268 /* Base */,
			);
			name = Main.storyboard;
			sourceTree = "<group>";
		};
		B4532B511C4C61760068C268 /* LaunchScreen.storyboard */ = {
			isa = PBXVariantGroup;
			children = (
				B4532B521C4C61760068C268 /* Base */,
			);
			name = LaunchScreen.storyboard;
			sourceTree = "<group>";
		};
/* End PBXVariantGroup section */

/* Begin XCBuildConfiguration section */
		B4532B551C4C61760068C268 /* Debug */ = {
			isa = XCBuildConfiguration;
			buildSettings = {
				ALWAYS_SEARCH_USER_PATHS = NO;
				CLANG_CXX_LANGUAGE_STANDARD = "gnu++0x";
				CLANG_CXX_LIBRARY = "libc++";
				CLANG_ENABLE_MODULES = YES;
				CLANG_ENABLE_OBJC_ARC = YES;
				CLANG_WARN_BOOL_CONVERSION = YES;
				CLANG_WARN_CONSTANT_CONVERSION = YES;
				CLANG_WARN_DIRECT_OBJC_ISA_USAGE = YES_ERROR;
				CLANG_WARN_EMPTY_BODY = YES;
				CLANG_WARN_ENUM_CONVERSION = YES;
				CLANG_WARN_INT_CONVERSION = YES;
				CLANG_WARN_OBJC_ROOT_CLASS = YES_ERROR;
				CLANG_WARN_UNREACHABLE_CODE = YES;
				CLANG_WARN__DUPLICATE_METHOD_MATCH = YES;
				"CODE_SIGN_IDENTITY[sdk=iphoneos*]" = "iPhone Developer";
				COPY_PHASE_STRIP = NO;
				DEBUG_INFORMATION_FORMAT = dwarf;
				ENABLE_STRICT_OBJC_MSGSEND = YES;
				ENABLE_TESTABILITY = YES;
				GCC_C_LANGUAGE_STANDARD = gnu99;
				GCC_DYNAMIC_NO_PIC = NO;
				GCC_NO_COMMON_BLOCKS = YES;
				GCC_OPTIMIZATION_LEVEL = 0;
				GCC_PREPROCESSOR_DEFINITIONS = (
					"DEBUG=1",
					"$(inherited)",
				);
				GCC_WARN_64_TO_32_BIT_CONVERSION = YES;
				GCC_WARN_ABOUT_RETURN_TYPE = YES_ERROR;
				GCC_WARN_UNDECLARED_SELECTOR = YES;
				GCC_WARN_UNINITIALIZED_AUTOS = YES_AGGRESSIVE;
				GCC_WARN_UNUSED_FUNCTION = YES;
				GCC_WARN_UNUSED_VARIABLE = YES;
				IPHONEOS_DEPLOYMENT_TARGET = 9.1;
				MTL_ENABLE_DEBUG_INFO = YES;
				ONLY_ACTIVE_ARCH = YES;
				SDKROOT = iphoneos;
				TARGETED_DEVICE_FAMILY = "1,2";
			};
			name = Debug;
		};
		B4532B561C4C61760068C268 /* Release */ = {
			isa = XCBuildConfiguration;
			buildSettings = {
				ALWAYS_SEARCH_USER_PATHS = NO;
				CLANG_CXX_LANGUAGE_STANDARD = "gnu++0x";
				CLANG_CXX_LIBRARY = "libc++";
				CLANG_ENABLE_MODULES = YES;
				CLANG_ENABLE_OBJC_ARC = YES;
				CLANG_WARN_BOOL_CONVERSION = YES;
				CLANG_WARN_CONSTANT_CONVERSION = YES;
				CLANG_WARN_DIRECT_OBJC_ISA_USAGE = YES_ERROR;
				CLANG_WARN_EMPTY_BODY = YES;
				CLANG_WARN_ENUM_CONVERSION = YES;
				CLANG_WARN_INT_CONVERSION = YES;
				CLANG_WARN_OBJC_ROOT_CLASS = YES_ERROR;
				CLANG_WARN_UNREACHABLE_CODE = YES;
				CLANG_WARN__DUPLICATE_METHOD_MATCH = YES;
				"CODE_SIGN_IDENTITY[sdk=iphoneos*]" = "iPhone Developer";
				COPY_PHASE_STRIP = NO;
				DEBUG_INFORMATION_FORMAT = "dwarf-with-dsym";
				ENABLE_NS_ASSERTIONS = NO;
				ENABLE_STRICT_OBJC_MSGSEND = YES;
				GCC_C_LANGUAGE_STANDARD = gnu99;
				GCC_NO_COMMON_BLOCKS = YES;
				GCC_WARN_64_TO_32_BIT_CONVERSION = YES;
				GCC_WARN_ABOUT_RETURN_TYPE = YES_ERROR;
				GCC_WARN_UNDECLARED_SELECTOR = YES;
				GCC_WARN_UNINITIALIZED_AUTOS = YES_AGGRESSIVE;
				GCC_WARN_UNUSED_FUNCTION = YES;
				GCC_WARN_UNUSED_VARIABLE = YES;
				IPHONEOS_DEPLOYMENT_TARGET = 9.1;
				MTL_ENABLE_DEBUG_INFO = NO;
				SDKROOT = iphoneos;
				TARGETED_DEVICE_FAMILY = "1,2";
				VALIDATE_PRODUCT = YES;
			};
			name = Release;
		};
		B4532B581C4C61760068C268 /* Debug */ = {
			isa = XCBuildConfiguration;
			buildSettings = {
				ASSETCATALOG_COMPILER_APPICON_NAME = AppIcon;
				INFOPLIST_FILE = FourPaneDemo/Info.plist;
				LD_RUNPATH_SEARCH_PATHS = "$(inherited) @executable_path/Frameworks";
				PRODUCT_BUNDLE_IDENTIFIER = "-41075-rm-core-data-app.FourPaneDemo";
				PRODUCT_NAME = "$(TARGET_NAME)";
			};
			name = Debug;
		};
		B4532B591C4C61760068C268 /* Release */ = {
			isa = XCBuildConfiguration;
			buildSettings = {
				ASSETCATALOG_COMPILER_APPICON_NAME = AppIcon;
				INFOPLIST_FILE = FourPaneDemo/Info.plist;
				LD_RUNPATH_SEARCH_PATHS = "$(inherited) @executable_path/Frameworks";
				PRODUCT_BUNDLE_IDENTIFIER = "-41075-rm-core-data-app.FourPaneDemo";
				PRODUCT_NAME = "$(TARGET_NAME)";
			};
			name = Release;
		};
/* End XCBuildConfiguration section */

/* Begin XCConfigurationList section */
		B4532B381C4C61760068C268 /* Build configuration list for PBXProject "FourPaneDemo" */ = {
			isa = XCConfigurationList;
			buildConfigurations = (
				B4532B551C4C61760068C268 /* Debug */,
				B4532B561C4C61760068C268 /* Release */,
			);
			defaultConfigurationIsVisible = 0;
			defaultConfigurationName = Release;
		};
		B4532B571C4C61760068C268 /* Build configuration list for PBXNativeTarget "FourPaneDemo" */ = {
			isa = XCConfigurationList;
			buildConfigurations = (
				B4532B581C4C61760068C268 /* Debug */,
				B4532B591C4C61760068C268 /* Release */,
			);
			defaultConfigurationIsVisible = 0;
		};
/* End XCConfigurationList section */

/* Begin XCVersionGroup section */
		B4532B4C1C4C61760068C268 /* FourPaneDemo.xcdatamodeld */ = {
			isa = XCVersionGroup;
			children = (
				B4532B4D1C4C61760068C268 /* FourPaneDemo.xcdatamodel */,
			);
			currentVersion = B4532B4D1C4C61760068C268 /* FourPaneDemo.xcdatamodel */;
			path = FourPaneDemo.xcdatamodeld;
			sourceTree = "<group>";
			versionGroupType = wrapper.xcdatamodel;
		};
/* End XCVersionGroup section */
	};
	rootObject = B4532B351C4C61760068C268 /* Project object */;
}
